
Microsoft Visual Studio Solution File, Format Version 12.00
# Visual Studio Version 17
VisualStudioVersion = 17.1.32328.378
MinimumVisualStudioVersion = 10.0.40219.1
Project("{FAE04EC0-301F-11D3-BF4B-00C04F79EFBC}") = "ShopsRUs.Domains", "ShopsRUs.Domains\ShopsRUs.Domains.csproj", "{69545B29-9DA3-4664-A28B-4116A63DEDB7}"
EndProject
Project("{FAE04EC0-301F-11D3-BF4B-00C04F79EFBC}") = "ShopsRUs.DAL", "ClassLibrary3\ShopsRUs.DAL.csproj", "{CBFF6C49-A293-4B84-AE5C-B70788596A2B}"
EndProject
Project("{FAE04EC0-301F-11D3-BF4B-00C04F79EFBC}") = "ShopsRUs.Api", "WebApplication5\ShopsRUs.Api.csproj", "{C93EE3DB-2076-4EAC-B6A0-6B036BC16A8F}"
EndProject
Project("{FAE04EC0-301F-11D3-BF4B-00C04F79EFBC}") = "ShopsRUs.Moq", "ShopsRUs.Moq\ShopsRUs.Moq.csproj", "{6892B970-C701-4044-BD7D-C21CFD7F4010}"
EndProject
Global
	GlobalSection(SolutionConfigurationPlatforms) = preSolution
		Debug|Any CPU = Debug|Any CPU
		Release|Any CPU = Release|Any CPU
	EndGlobalSection
	GlobalSection(ProjectConfigurationPlatforms) = postSolution
		{69545B29-9DA3-4664-A28B-4116A63DEDB7}.Debug|Any CPU.ActiveCfg = Debug|Any CPU
		{69545B29-9DA3-4664-A28B-4116A63DEDB7}.Debug|Any CPU.Build.0 = Debug|Any CPU
		{69545B29-9DA3-4664-A28B-4116A63DEDB7}.Release|Any CPU.ActiveCfg = Release|Any CPU
		{69545B29-9DA3-4664-A28B-4116A63DEDB7}.Release|Any CPU.Build.0 = Release|Any CPU
		{CBFF6C49-A293-4B84-AE5C-B70788596A2B}.Debug|Any CPU.ActiveCfg = Debug|Any CPU
		{CBFF6C49-A293-4B84-AE5C-B70788596A2B}.Debug|Any CPU.Build.0 = Debug|Any CPU
		{CBFF6C49-A293-4B84-AE5C-B70788596A2B}.Release|Any CPU.ActiveCfg = Release|Any CPU
		{CBFF6C49-A293-4B84-AE5C-B70788596A2B}.Release|Any CPU.Build.0 = Release|Any CPU
		{C93EE3DB-2076-4EAC-B6A0-6B036BC16A8F}.Debug|Any CPU.ActiveCfg = Debug|Any CPU
		{C93EE3DB-2076-4EAC-B6A0-6B036BC16A8F}.Debug|Any CPU.Build.0 = Debug|Any CPU
		{C93EE3DB-2076-4EAC-B6A0-6B036BC16A8F}.Release|Any CPU.ActiveCfg = Release|Any CPU
		{C93EE3DB-2076-4EAC-B6A0-6B036BC16A8F}.Release|Any CPU.Build.0 = Release|Any CPU
		{6892B970-C701-4044-BD7D-C21CFD7F4010}.Debug|Any CPU.ActiveCfg = Debug|Any CPU
		{6892B970-C701-4044-BD7D-C21CFD7F4010}.Debug|Any CPU.Build.0 = Debug|Any CPU
		{6892B970-C701-4044-BD7D-C21CFD7F4010}.Release|Any CPU.ActiveCfg = Release|Any CPU
		{6892B970-C701-4044-BD7D-C21CFD7F4010}.Release|Any CPU.Build.0 = Release|Any CPU
	EndGlobalSection
	GlobalSection(SolutionProperties) = preSolution
		HideSolutionNode = FALSE
	EndGlobalSection
	GlobalSection(ExtensibilityGlobals) = postSolution
		SolutionGuid = {8C9D2117-B4BF-4D8B-B9DA-3E721205D05E}
	EndGlobalSection
EndGlobal
